
Microsoft Visual Studio Solution File, Format Version 12.00
# Visual Studio Version 16
VisualStudioVersion = 16.0.31702.278
MinimumVisualStudioVersion = 10.0.40219.1
Project("{FAE04EC0-301F-11D3-BF4B-00C04F79EFBC}") = "Hangman", "Hangman\Hangman.csproj", "{DA56A47C-C278-4F88-A319-9EC630865FD3}"
EndProject
Global
	GlobalSection(SolutionConfigurationPlatforms) = preSolution
		Debug|Any CPU = Debug|Any CPU
		Release|Any CPU = Release|Any CPU
	EndGlobalSection
	GlobalSection(ProjectConfigurationPlatforms) = postSolution
		{DA56A47C-C278-4F88-A319-9EC630865FD3}.Debug|Any CPU.ActiveCfg = Debug|Any CPU
		{DA56A47C-C278-4F88-A319-9EC630865FD3}.Debug|Any CPU.Build.0 = Debug|Any CPU
		{DA56A47C-C278-4F88-A319-9EC630865FD3}.Release|Any CPU.ActiveCfg = Release|Any CPU
		{DA56A47C-C278-4F88-A319-9EC630865FD3}.Release|Any CPU.Build.0 = Release|Any CPU
	EndGlobalSection
	GlobalSection(SolutionProperties) = preSolution
		HideSolutionNode = FALSE
	EndGlobalSection
	GlobalSection(ExtensibilityGlobals) = postSolution
		SolutionGuid = {DCB21058-515A-47CD-86B6-B2FCB5A06926}
	EndGlobalSection
EndGlobal
